
Microsoft Visual Studio Solution File, Format Version 12.00
# Visual Studio Version 17
VisualStudioVersion = 17.3.32804.467
MinimumVisualStudioVersion = 10.0.40219.1
Project("{FAE04EC0-301F-11D3-BF4B-00C04F79EFBC}") = "Task07", "Task07.csproj", "{22892954-C672-4117-B573-5009A133F11B}"
EndProject
Global
	GlobalSection(SolutionConfigurationPlatforms) = preSolution
		Debug|Any CPU = Debug|Any CPU
		Release|Any CPU = Release|Any CPU
	EndGlobalSection
	GlobalSection(ProjectConfigurationPlatforms) = postSolution
		{22892954-C672-4117-B573-5009A133F11B}.Debug|Any CPU.ActiveCfg = Debug|Any CPU
		{22892954-C672-4117-B573-5009A133F11B}.Debug|Any CPU.Build.0 = Debug|Any CPU
		{22892954-C672-4117-B573-5009A133F11B}.Release|Any CPU.ActiveCfg = Release|Any CPU
		{22892954-C672-4117-B573-5009A133F11B}.Release|Any CPU.Build.0 = Release|Any CPU
	EndGlobalSection
	GlobalSection(SolutionProperties) = preSolution
		HideSolutionNode = FALSE
	EndGlobalSection
	GlobalSection(ExtensibilityGlobals) = postSolution
		SolutionGuid = {E04F3FFD-DE00-4E78-AD93-30B1D8882B93}
	EndGlobalSection
EndGlobal
